
Microsoft Visual Studio Solution File, Format Version 12.00
# Visual Studio Version 17
VisualStudioVersion = 17.5.33424.131
MinimumVisualStudioVersion = 10.0.40219.1
Project("{8BC9CEB8-8B4A-11D0-8D11-00A0C91BC942}") = "8_10_BooleanSorting", "8_10_BooleanSorting\8_10_BooleanSorting.vcxproj", "{9E011EB4-0ADE-4ED9-8543-4386D55D6A5B}"
EndProject
Global
	GlobalSection(SolutionConfigurationPlatforms) = preSolution
		Debug|x64 = Debug|x64
		Debug|x86 = Debug|x86
		Release|x64 = Release|x64
		Release|x86 = Release|x86
	EndGlobalSection
	GlobalSection(ProjectConfigurationPlatforms) = postSolution
		{9E011EB4-0ADE-4ED9-8543-4386D55D6A5B}.Debug|x64.ActiveCfg = Debug|x64
		{9E011EB4-0ADE-4ED9-8543-4386D55D6A5B}.Debug|x64.Build.0 = Debug|x64
		{9E011EB4-0ADE-4ED9-8543-4386D55D6A5B}.Debug|x86.ActiveCfg = Debug|Win32
		{9E011EB4-0ADE-4ED9-8543-4386D55D6A5B}.Debug|x86.Build.0 = Debug|Win32
		{9E011EB4-0ADE-4ED9-8543-4386D55D6A5B}.Release|x64.ActiveCfg = Release|x64
		{9E011EB4-0ADE-4ED9-8543-4386D55D6A5B}.Release|x64.Build.0 = Release|x64
		{9E011EB4-0ADE-4ED9-8543-4386D55D6A5B}.Release|x86.ActiveCfg = Release|Win32
		{9E011EB4-0ADE-4ED9-8543-4386D55D6A5B}.Release|x86.Build.0 = Release|Win32
	EndGlobalSection
	GlobalSection(SolutionProperties) = preSolution
		HideSolutionNode = FALSE
	EndGlobalSection
	GlobalSection(ExtensibilityGlobals) = postSolution
		SolutionGuid = {C38C0887-3356-4A1A-BF3B-763C6873EF28}
	EndGlobalSection
EndGlobal
