
Microsoft Visual Studio Solution File, Format Version 12.00
# Visual Studio Version 17
VisualStudioVersion = 17.5.33424.131
MinimumVisualStudioVersion = 10.0.40219.1
Project("{8BC9CEB8-8B4A-11D0-8D11-00A0C91BC942}") = "3_16_ArraySwapping", "3_16_ArraySwapping\3_16_ArraySwapping.vcxproj", "{442CFA23-14E7-491B-8217-2039037A5CCF}"
EndProject
Global
	GlobalSection(SolutionConfigurationPlatforms) = preSolution
		Debug|x64 = Debug|x64
		Debug|x86 = Debug|x86
		Release|x64 = Release|x64
		Release|x86 = Release|x86
	EndGlobalSection
	GlobalSection(ProjectConfigurationPlatforms) = postSolution
		{442CFA23-14E7-491B-8217-2039037A5CCF}.Debug|x64.ActiveCfg = Debug|x64
		{442CFA23-14E7-491B-8217-2039037A5CCF}.Debug|x64.Build.0 = Debug|x64
		{442CFA23-14E7-491B-8217-2039037A5CCF}.Debug|x86.ActiveCfg = Debug|Win32
		{442CFA23-14E7-491B-8217-2039037A5CCF}.Debug|x86.Build.0 = Debug|Win32
		{442CFA23-14E7-491B-8217-2039037A5CCF}.Release|x64.ActiveCfg = Release|x64
		{442CFA23-14E7-491B-8217-2039037A5CCF}.Release|x64.Build.0 = Release|x64
		{442CFA23-14E7-491B-8217-2039037A5CCF}.Release|x86.ActiveCfg = Release|Win32
		{442CFA23-14E7-491B-8217-2039037A5CCF}.Release|x86.Build.0 = Release|Win32
	EndGlobalSection
	GlobalSection(SolutionProperties) = preSolution
		HideSolutionNode = FALSE
	EndGlobalSection
	GlobalSection(ExtensibilityGlobals) = postSolution
		SolutionGuid = {CAFC2DE1-90E5-4242-BCD0-A0B2E8D0E132}
	EndGlobalSection
EndGlobal
