
Microsoft Visual Studio Solution File, Format Version 11.00
# Visual Studio 2010
Project("{8BC9CEB8-8B4A-11D0-8D11-00A0C91BC942}") = "3_1_MinimumValue", "3_1_MinimumValue.vcxproj", "{38BFCE42-A139-4BB6-8762-6B317AC8C169}"
EndProject
Global
	GlobalSection(SolutionConfigurationPlatforms) = preSolution
		Debug|Win32 = Debug|Win32
		Release|Win32 = Release|Win32
	EndGlobalSection
	GlobalSection(ProjectConfigurationPlatforms) = postSolution
		{38BFCE42-A139-4BB6-8762-6B317AC8C169}.Debug|Win32.ActiveCfg = Debug|Win32
		{38BFCE42-A139-4BB6-8762-6B317AC8C169}.Debug|Win32.Build.0 = Debug|Win32
		{38BFCE42-A139-4BB6-8762-6B317AC8C169}.Release|Win32.ActiveCfg = Release|Win32
		{38BFCE42-A139-4BB6-8762-6B317AC8C169}.Release|Win32.Build.0 = Release|Win32
	EndGlobalSection
	GlobalSection(SolutionProperties) = preSolution
		HideSolutionNode = FALSE
	EndGlobalSection
EndGlobal
