
Microsoft Visual Studio Solution File, Format Version 11.00
# Visual Studio 2010
Project("{8BC9CEB8-8B4A-11D0-8D11-00A0C91BC942}") = "3_1_VolumeOfCircle", "3_1_VolumeOfCircle.vcxproj", "{A5BD3C82-8E16-4327-B934-3BDC74D65D19}"
EndProject
Global
	GlobalSection(SolutionConfigurationPlatforms) = preSolution
		Debug|Win32 = Debug|Win32
		Release|Win32 = Release|Win32
	EndGlobalSection
	GlobalSection(ProjectConfigurationPlatforms) = postSolution
		{A5BD3C82-8E16-4327-B934-3BDC74D65D19}.Debug|Win32.ActiveCfg = Debug|Win32
		{A5BD3C82-8E16-4327-B934-3BDC74D65D19}.Debug|Win32.Build.0 = Debug|Win32
		{A5BD3C82-8E16-4327-B934-3BDC74D65D19}.Release|Win32.ActiveCfg = Release|Win32
		{A5BD3C82-8E16-4327-B934-3BDC74D65D19}.Release|Win32.Build.0 = Release|Win32
	EndGlobalSection
	GlobalSection(SolutionProperties) = preSolution
		HideSolutionNode = FALSE
	EndGlobalSection
EndGlobal
