
Microsoft Visual Studio Solution File, Format Version 12.00
# Visual Studio Version 17
VisualStudioVersion = 17.4.33103.184
MinimumVisualStudioVersion = 10.0.40219.1
Project("{FAE04EC0-301F-11D3-BF4B-00C04F79EFBC}") = "1_9_StudentTeacherLogin_WinForms", "1_9_StudentTeacherLogin_WinForms.csproj", "{5FF91B13-F087-4DFB-B892-1892BC8FCD6C}"
EndProject
Global
	GlobalSection(SolutionConfigurationPlatforms) = preSolution
		Debug|Any CPU = Debug|Any CPU
		Release|Any CPU = Release|Any CPU
	EndGlobalSection
	GlobalSection(ProjectConfigurationPlatforms) = postSolution
		{5FF91B13-F087-4DFB-B892-1892BC8FCD6C}.Debug|Any CPU.ActiveCfg = Debug|Any CPU
		{5FF91B13-F087-4DFB-B892-1892BC8FCD6C}.Debug|Any CPU.Build.0 = Debug|Any CPU
		{5FF91B13-F087-4DFB-B892-1892BC8FCD6C}.Release|Any CPU.ActiveCfg = Release|Any CPU
		{5FF91B13-F087-4DFB-B892-1892BC8FCD6C}.Release|Any CPU.Build.0 = Release|Any CPU
	EndGlobalSection
	GlobalSection(SolutionProperties) = preSolution
		HideSolutionNode = FALSE
	EndGlobalSection
	GlobalSection(ExtensibilityGlobals) = postSolution
		SolutionGuid = {3A1F28BF-19E3-4325-BE13-509134E6B72A}
	EndGlobalSection
EndGlobal
