
Microsoft Visual Studio Solution File, Format Version 12.00
# Visual Studio Version 17
VisualStudioVersion = 17.5.33424.131
MinimumVisualStudioVersion = 10.0.40219.1
Project("{8BC9CEB8-8B4A-11D0-8D11-00A0C91BC942}") = "7_2_SingleList", "7_2_SingleList\7_2_SingleList.vcxproj", "{24A600D5-3E83-465B-A770-7B8D19F027EE}"
EndProject
Global
	GlobalSection(SolutionConfigurationPlatforms) = preSolution
		Debug|x64 = Debug|x64
		Debug|x86 = Debug|x86
		Release|x64 = Release|x64
		Release|x86 = Release|x86
	EndGlobalSection
	GlobalSection(ProjectConfigurationPlatforms) = postSolution
		{24A600D5-3E83-465B-A770-7B8D19F027EE}.Debug|x64.ActiveCfg = Debug|x64
		{24A600D5-3E83-465B-A770-7B8D19F027EE}.Debug|x64.Build.0 = Debug|x64
		{24A600D5-3E83-465B-A770-7B8D19F027EE}.Debug|x86.ActiveCfg = Debug|Win32
		{24A600D5-3E83-465B-A770-7B8D19F027EE}.Debug|x86.Build.0 = Debug|Win32
		{24A600D5-3E83-465B-A770-7B8D19F027EE}.Release|x64.ActiveCfg = Release|x64
		{24A600D5-3E83-465B-A770-7B8D19F027EE}.Release|x64.Build.0 = Release|x64
		{24A600D5-3E83-465B-A770-7B8D19F027EE}.Release|x86.ActiveCfg = Release|Win32
		{24A600D5-3E83-465B-A770-7B8D19F027EE}.Release|x86.Build.0 = Release|Win32
	EndGlobalSection
	GlobalSection(SolutionProperties) = preSolution
		HideSolutionNode = FALSE
	EndGlobalSection
	GlobalSection(ExtensibilityGlobals) = postSolution
		SolutionGuid = {77C5596F-379B-48A5-BEF6-2D222EAAA213}
	EndGlobalSection
EndGlobal
